// !$*UTF8*$!
{
	archiveVersion = 1;
	classes = {
	};
	objectVersion = 50;
	objects = {

/* Begin PBXBuildFile section */
		0E1D1D8C21EDA1DD000BEDD7 /* CentralBluetoothManager.swift in Sources */ = {isa = PBXBuildFile; fileRef = 0E1D1D8B21EDA1DD000BEDD7 /* CentralBluetoothManager.swift */; };
		0E1D1D8E21EDA37D000BEDD7 /* DevicesTabViewController.swift in Sources */ = {isa = PBXBuildFile; fileRef = 0E1D1D8D21EDA37D000BEDD7 /* DevicesTabViewController.swift */; };
		0E1D1D9021EDA460000BEDD7 /* UserDevicesManager.swift in Sources */ = {isa = PBXBuildFile; fileRef = 0E1D1D8F21EDA460000BEDD7 /* UserDevicesManager.swift */; };
		0E1D1D9221EDAF64000BEDD7 /* BricksCollectionViewCell.swift in Sources */ = {isa = PBXBuildFile; fileRef = 0E1D1D9121EDAF64000BEDD7 /* BricksCollectionViewCell.swift */; };
		0E1D1D9421EDB03E000BEDD7 /* FootswitchesCollectionViewCell.swift in Sources */ = {isa = PBXBuildFile; fileRef = 0E1D1D9321EDB03E000BEDD7 /* FootswitchesCollectionViewCell.swift */; };
		0E63303E21EF472A00EA3652 /* FootswitchEditViewController.swift in Sources */ = {isa = PBXBuildFile; fileRef = 0E63303D21EF472A00EA3652 /* FootswitchEditViewController.swift */; };
		0E63304021F03E6700EA3652 /* PresetPickerViewController.swift in Sources */ = {isa = PBXBuildFile; fileRef = 0E63303F21F03E6700EA3652 /* PresetPickerViewController.swift */; };
		0E63304221F045D800EA3652 /* PresetPickerCollectionViewCell.swift in Sources */ = {isa = PBXBuildFile; fileRef = 0E63304121F045D800EA3652 /* PresetPickerCollectionViewCell.swift */; };
		0E63304421F07EEF00EA3652 /* PresetsTabViewController.swift in Sources */ = {isa = PBXBuildFile; fileRef = 0E63304321F07EEF00EA3652 /* PresetsTabViewController.swift */; };
		0E63304621F07FA600EA3652 /* PresetsTabCollectionViewCell.swift in Sources */ = {isa = PBXBuildFile; fileRef = 0E63304521F07FA600EA3652 /* PresetsTabCollectionViewCell.swift */; };
		0E63304821F084C800EA3652 /* PresetSettingViewController.swift in Sources */ = {isa = PBXBuildFile; fileRef = 0E63304721F084C800EA3652 /* PresetSettingViewController.swift */; };
		0E63304A21F093B700EA3652 /* PresetSettingBricksCollectionViewCell.swift in Sources */ = {isa = PBXBuildFile; fileRef = 0E63304921F093B700EA3652 /* PresetSettingBricksCollectionViewCell.swift */; };
		0E63304C21F09F0900EA3652 /* FootswitchPickerCollectionViewCell.swift in Sources */ = {isa = PBXBuildFile; fileRef = 0E63304B21F09F0900EA3652 /* FootswitchPickerCollectionViewCell.swift */; };
		0E63304E21F09FEA00EA3652 /* BricksPickerCollectionViewCell.swift in Sources */ = {isa = PBXBuildFile; fileRef = 0E63304D21F09FEA00EA3652 /* BricksPickerCollectionViewCell.swift */; };
		0E7926B621F72BC30085776A /* SectionHeaderView.swift in Sources */ = {isa = PBXBuildFile; fileRef = 0E7926B521F72BC30085776A /* SectionHeaderView.swift */; };
		0E7926BA21F81F3E0085776A /* NewBankPresetCell.xib in Resources */ = {isa = PBXBuildFile; fileRef = 0E7926B921F81F3E0085776A /* NewBankPresetCell.xib */; };
		0E7926BC21F8207A0085776A /* NewBankCollectionViewCell.swift in Sources */ = {isa = PBXBuildFile; fileRef = 0E7926BB21F8207A0085776A /* NewBankCollectionViewCell.swift */; };
		0E7926BE21F85B060085776A /* BrickSettingsViewController.swift in Sources */ = {isa = PBXBuildFile; fileRef = 0E7926BD21F85B060085776A /* BrickSettingsViewController.swift */; };
		0E7926C021F886A30085776A /* BrickImageCollectionViewCell.swift in Sources */ = {isa = PBXBuildFile; fileRef = 0E7926BF21F886A30085776A /* BrickImageCollectionViewCell.swift */; };
		0E7926D721F89ADA0085776A /* SSAlphaPassView.m in Sources */ = {isa = PBXBuildFile; fileRef = 0E7926D421F89ADA0085776A /* SSAlphaPassView.m */; };
		0E7926D821F89ADA0085776A /* SSAlphaPassButton.m in Sources */ = {isa = PBXBuildFile; fileRef = 0E7926D521F89ADA0085776A /* SSAlphaPassButton.m */; };
		0E7926D921F89ADA0085776A /* SSAlphaPass.m in Sources */ = {isa = PBXBuildFile; fileRef = 0E7926D621F89ADA0085776A /* SSAlphaPass.m */; };
		0E7926DF21F89AED0085776A /* ColorUtils.swift in Sources */ = {isa = PBXBuildFile; fileRef = 0E7926DA21F89AED0085776A /* ColorUtils.swift */; };
		0E7926E021F89AED0085776A /* ColorWheel.swift in Sources */ = {isa = PBXBuildFile; fileRef = 0E7926DB21F89AED0085776A /* ColorWheel.swift */; };
		0E7926E121F89AED0085776A /* SwiftHSVColorPicker.swift in Sources */ = {isa = PBXBuildFile; fileRef = 0E7926DC21F89AED0085776A /* SwiftHSVColorPicker.swift */; };
		0E7926E221F89AED0085776A /* SelectedColorView.swift in Sources */ = {isa = PBXBuildFile; fileRef = 0E7926DD21F89AED0085776A /* SelectedColorView.swift */; };
		0E7926E321F89AED0085776A /* BrightnessView.swift in Sources */ = {isa = PBXBuildFile; fileRef = 0E7926DE21F89AED0085776A /* BrightnessView.swift */; };
		0E7926E521F89AF70085776A /* MTCircularSlider.swift in Sources */ = {isa = PBXBuildFile; fileRef = 0E7926E421F89AF70085776A /* MTCircularSlider.swift */; };
		0E7926E721F9BF580085776A /* FootswitchBricksCollectionViewCell.swift in Sources */ = {isa = PBXBuildFile; fileRef = 0E7926E621F9BF580085776A /* FootswitchBricksCollectionViewCell.swift */; };
		0E7926E921F9D30B0085776A /* BricksCollectionController.swift in Sources */ = {isa = PBXBuildFile; fileRef = 0E7926E821F9D30B0085776A /* BricksCollectionController.swift */; };
		0E7926EF21FAE31E0085776A /* Devices.storyboard in Resources */ = {isa = PBXBuildFile; fileRef = 0E7926EE21FAE31E0085776A /* Devices.storyboard */; };
		0E7926F121FAF4AD0085776A /* Presets.storyboard in Resources */ = {isa = PBXBuildFile; fileRef = 0E7926F021FAF4AD0085776A /* Presets.storyboard */; };
		0E7926F321FAF5CF0085776A /* PresetSettings.storyboard in Resources */ = {isa = PBXBuildFile; fileRef = 0E7926F221FAF5CF0085776A /* PresetSettings.storyboard */; };
		0E7926F521FAF6220085776A /* FootswitchEdit.storyboard in Resources */ = {isa = PBXBuildFile; fileRef = 0E7926F421FAF6220085776A /* FootswitchEdit.storyboard */; };
		0E7926F721FAF6A40085776A /* BrickSettings.storyboard in Resources */ = {isa = PBXBuildFile; fileRef = 0E7926F621FAF6A40085776A /* BrickSettings.storyboard */; };
		0E7926F921FAFDE80085776A /* AddBrickPresetCell.xib in Resources */ = {isa = PBXBuildFile; fileRef = 0E7926F821FAFDE80085776A /* AddBrickPresetCell.xib */; };
		0E7926FB21FAFEDC0085776A /* AddBrickPresetCell.swift in Sources */ = {isa = PBXBuildFile; fileRef = 0E7926FA21FAFEDC0085776A /* AddBrickPresetCell.swift */; };
		0EC28DEA21EC6BAA00DEF32B /* AppDelegate.swift in Sources */ = {isa = PBXBuildFile; fileRef = 0EC28DE921EC6BAA00DEF32B /* AppDelegate.swift */; };
		0EC28DEF21EC6BAA00DEF32B /* Main.storyboard in Resources */ = {isa = PBXBuildFile; fileRef = 0EC28DED21EC6BAA00DEF32B /* Main.storyboard */; };
		0EC28DF121EC6BAD00DEF32B /* Assets.xcassets in Resources */ = {isa = PBXBuildFile; fileRef = 0EC28DF021EC6BAD00DEF32B /* Assets.xcassets */; };
		0EC28DF421EC6BAD00DEF32B /* LaunchScreen.storyboard in Resources */ = {isa = PBXBuildFile; fileRef = 0EC28DF221EC6BAD00DEF32B /* LaunchScreen.storyboard */; };
		0EC28E0121EC71F400DEF32B /* Bank.swift in Sources */ = {isa = PBXBuildFile; fileRef = 0EC28DFB21EC71F300DEF32B /* Bank.swift */; };
		0EC28E0221EC71F400DEF32B /* CustomButton.swift in Sources */ = {isa = PBXBuildFile; fileRef = 0EC28DFC21EC71F300DEF32B /* CustomButton.swift */; };
		0EC28E0321EC71F400DEF32B /* Brick.swift in Sources */ = {isa = PBXBuildFile; fileRef = 0EC28DFD21EC71F300DEF32B /* Brick.swift */; };
		0EC28E0421EC71F400DEF32B /* Footswitch.swift in Sources */ = {isa = PBXBuildFile; fileRef = 0EC28DFE21EC71F300DEF32B /* Footswitch.swift */; };
		0EC28E0521EC71F400DEF32B /* FootswitchButton.swift in Sources */ = {isa = PBXBuildFile; fileRef = 0EC28DFF21EC71F300DEF32B /* FootswitchButton.swift */; };
		0EC28E0621EC71F400DEF32B /* Preset.swift in Sources */ = {isa = PBXBuildFile; fileRef = 0EC28E0021EC71F300DEF32B /* Preset.swift */; };
		0EC28E0E21EC736200DEF32B /* SF-Pro-Text-Semibold.otf in Resources */ = {isa = PBXBuildFile; fileRef = 0EC28E0921EC736100DEF32B /* SF-Pro-Text-Semibold.otf */; };
		0EC28E0F21EC736200DEF32B /* SF-Pro-Text-Medium.otf in Resources */ = {isa = PBXBuildFile; fileRef = 0EC28E0A21EC736200DEF32B /* SF-Pro-Text-Medium.otf */; };
		0EC28E1021EC736200DEF32B /* SF-Pro-Display-Medium.otf in Resources */ = {isa = PBXBuildFile; fileRef = 0EC28E0B21EC736200DEF32B /* SF-Pro-Display-Medium.otf */; };
		0EC28E1121EC736200DEF32B /* SF-Pro-Display-Regular.otf in Resources */ = {isa = PBXBuildFile; fileRef = 0EC28E0C21EC736200DEF32B /* SF-Pro-Display-Regular.otf */; };
		0EC28E1221EC736200DEF32B /* SF-Pro-Text-Regular.otf in Resources */ = {isa = PBXBuildFile; fileRef = 0EC28E0D21EC736200DEF32B /* SF-Pro-Text-Regular.otf */; };
		0EC28E1421EC74B000DEF32B /* SF-Pro-Display-Bold.otf in Resources */ = {isa = PBXBuildFile; fileRef = 0EC28E1321EC74B000DEF32B /* SF-Pro-Display-Bold.otf */; };
		0EFA071222006BE80033C879 /* PresetsListViewController.swift in Sources */ = {isa = PBXBuildFile; fileRef = 0EFA071122006BE80033C879 /* PresetsListViewController.swift */; };
		0EFA071422015C000033C879 /* BanksListViewController.swift in Sources */ = {isa = PBXBuildFile; fileRef = 0EFA071322015C000033C879 /* BanksListViewController.swift */; };
		70715EAF21F8529800C21C3E /* DataBase.swift in Sources */ = {isa = PBXBuildFile; fileRef = 70715EAE21F8529800C21C3E /* DataBase.swift */; };
		70715EB121F8788800C21C3E /* DataBaseManager.swift in Sources */ = {isa = PBXBuildFile; fileRef = 70715EB021F8788800C21C3E /* DataBaseManager.swift */; };
		70715EB921F9A10500C21C3E /* FootswitchEditBankCell.swift in Sources */ = {isa = PBXBuildFile; fileRef = 70715EB821F9A10500C21C3E /* FootswitchEditBankCell.swift */; };
		70715EBD21F9A4FB00C21C3E /* BanksController.swift in Sources */ = {isa = PBXBuildFile; fileRef = 70715EBC21F9A4FB00C21C3E /* BanksController.swift */; };
		7085533221F3332A007C33C0 /* Observable.swift in Sources */ = {isa = PBXBuildFile; fileRef = 7085533121F3332A007C33C0 /* Observable.swift */; };
		70A04FBD21F4BB1B009C714D /* DebugViewController.swift in Sources */ = {isa = PBXBuildFile; fileRef = 70A04FBC21F4BB1B009C714D /* DebugViewController.swift */; };
		70E7D4B021F2601200EC88DE /* BankCell.swift in Sources */ = {isa = PBXBuildFile; fileRef = 70E7D4AF21F2601200EC88DE /* BankCell.swift */; };
		70E7D4B421F30E1200EC88DE /* ConnectionObserver.swift in Sources */ = {isa = PBXBuildFile; fileRef = 70E7D4B321F30E1200EC88DE /* ConnectionObserver.swift */; };
		E6D6095EA970AFFB66E7DD4A /* Pods_BricksMaster.framework in Frameworks */ = {isa = PBXBuildFile; fileRef = C6E80DCC38C7BF1C65C73C43 /* Pods_BricksMaster.framework */; };
/* End PBXBuildFile section */

/* Begin PBXFileReference section */
		0E1D1D8B21EDA1DD000BEDD7 /* CentralBluetoothManager.swift */ = {isa = PBXFileReference; lastKnownFileType = sourcecode.swift; path = CentralBluetoothManager.swift; sourceTree = "<group>"; };
		0E1D1D8D21EDA37D000BEDD7 /* DevicesTabViewController.swift */ = {isa = PBXFileReference; lastKnownFileType = sourcecode.swift; path = DevicesTabViewController.swift; sourceTree = "<group>"; };
		0E1D1D8F21EDA460000BEDD7 /* UserDevicesManager.swift */ = {isa = PBXFileReference; lastKnownFileType = sourcecode.swift; path = UserDevicesManager.swift; sourceTree = "<group>"; };
		0E1D1D9121EDAF64000BEDD7 /* BricksCollectionViewCell.swift */ = {isa = PBXFileReference; lastKnownFileType = sourcecode.swift; path = BricksCollectionViewCell.swift; sourceTree = "<group>"; };
		0E1D1D9321EDB03E000BEDD7 /* FootswitchesCollectionViewCell.swift */ = {isa = PBXFileReference; lastKnownFileType = sourcecode.swift; path = FootswitchesCollectionViewCell.swift; sourceTree = "<group>"; };
		0E63303D21EF472A00EA3652 /* FootswitchEditViewController.swift */ = {isa = PBXFileReference; lastKnownFileType = sourcecode.swift; path = FootswitchEditViewController.swift; sourceTree = "<group>"; };
		0E63303F21F03E6700EA3652 /* PresetPickerViewController.swift */ = {isa = PBXFileReference; lastKnownFileType = sourcecode.swift; path = PresetPickerViewController.swift; sourceTree = "<group>"; };
		0E63304121F045D800EA3652 /* PresetPickerCollectionViewCell.swift */ = {isa = PBXFileReference; lastKnownFileType = sourcecode.swift; path = PresetPickerCollectionViewCell.swift; sourceTree = "<group>"; };
		0E63304321F07EEF00EA3652 /* PresetsTabViewController.swift */ = {isa = PBXFileReference; lastKnownFileType = sourcecode.swift; path = PresetsTabViewController.swift; sourceTree = "<group>"; };
		0E63304521F07FA600EA3652 /* PresetsTabCollectionViewCell.swift */ = {isa = PBXFileReference; lastKnownFileType = sourcecode.swift; path = PresetsTabCollectionViewCell.swift; sourceTree = "<group>"; };
		0E63304721F084C800EA3652 /* PresetSettingViewController.swift */ = {isa = PBXFileReference; lastKnownFileType = sourcecode.swift; path = PresetSettingViewController.swift; sourceTree = "<group>"; };
		0E63304921F093B700EA3652 /* PresetSettingBricksCollectionViewCell.swift */ = {isa = PBXFileReference; lastKnownFileType = sourcecode.swift; path = PresetSettingBricksCollectionViewCell.swift; sourceTree = "<group>"; };
		0E63304B21F09F0900EA3652 /* FootswitchPickerCollectionViewCell.swift */ = {isa = PBXFileReference; lastKnownFileType = sourcecode.swift; path = FootswitchPickerCollectionViewCell.swift; sourceTree = "<group>"; };
		0E63304D21F09FEA00EA3652 /* BricksPickerCollectionViewCell.swift */ = {isa = PBXFileReference; lastKnownFileType = sourcecode.swift; path = BricksPickerCollectionViewCell.swift; sourceTree = "<group>"; };
		0E7926B521F72BC30085776A /* SectionHeaderView.swift */ = {isa = PBXFileReference; lastKnownFileType = sourcecode.swift; path = SectionHeaderView.swift; sourceTree = "<group>"; };
		0E7926B921F81F3E0085776A /* NewBankPresetCell.xib */ = {isa = PBXFileReference; lastKnownFileType = file.xib; path = NewBankPresetCell.xib; sourceTree = "<group>"; };
		0E7926BB21F8207A0085776A /* NewBankCollectionViewCell.swift */ = {isa = PBXFileReference; lastKnownFileType = sourcecode.swift; path = NewBankCollectionViewCell.swift; sourceTree = "<group>"; };
		0E7926BD21F85B060085776A /* BrickSettingsViewController.swift */ = {isa = PBXFileReference; lastKnownFileType = sourcecode.swift; path = BrickSettingsViewController.swift; sourceTree = "<group>"; };
		0E7926BF21F886A30085776A /* BrickImageCollectionViewCell.swift */ = {isa = PBXFileReference; lastKnownFileType = sourcecode.swift; path = BrickImageCollectionViewCell.swift; sourceTree = "<group>"; };
		0E7926C821F895FB0085776A /* BrickMaster-Bridging-Header.h */ = {isa = PBXFileReference; fileEncoding = 4; lastKnownFileType = sourcecode.c.h; path = "BrickMaster-Bridging-Header.h"; sourceTree = "<group>"; };
		0E7926D121F89ADA0085776A /* SSAlphaPassButton.h */ = {isa = PBXFileReference; fileEncoding = 4; lastKnownFileType = sourcecode.c.h; path = SSAlphaPassButton.h; sourceTree = "<group>"; };
		0E7926D221F89ADA0085776A /* SSAlphaPass.h */ = {isa = PBXFileReference; fileEncoding = 4; lastKnownFileType = sourcecode.c.h; path = SSAlphaPass.h; sourceTree = "<group>"; };
		0E7926D321F89ADA0085776A /* SSAlphaPassView.h */ = {isa = PBXFileReference; fileEncoding = 4; lastKnownFileType = sourcecode.c.h; path = SSAlphaPassView.h; sourceTree = "<group>"; };
		0E7926D421F89ADA0085776A /* SSAlphaPassView.m */ = {isa = PBXFileReference; fileEncoding = 4; lastKnownFileType = sourcecode.c.objc; path = SSAlphaPassView.m; sourceTree = "<group>"; };
		0E7926D521F89ADA0085776A /* SSAlphaPassButton.m */ = {isa = PBXFileReference; fileEncoding = 4; lastKnownFileType = sourcecode.c.objc; path = SSAlphaPassButton.m; sourceTree = "<group>"; };
		0E7926D621F89ADA0085776A /* SSAlphaPass.m */ = {isa = PBXFileReference; fileEncoding = 4; lastKnownFileType = sourcecode.c.objc; path = SSAlphaPass.m; sourceTree = "<group>"; };
		0E7926DA21F89AED0085776A /* ColorUtils.swift */ = {isa = PBXFileReference; fileEncoding = 4; lastKnownFileType = sourcecode.swift; path = ColorUtils.swift; sourceTree = "<group>"; };
		0E7926DB21F89AED0085776A /* ColorWheel.swift */ = {isa = PBXFileReference; fileEncoding = 4; lastKnownFileType = sourcecode.swift; path = ColorWheel.swift; sourceTree = "<group>"; };
		0E7926DC21F89AED0085776A /* SwiftHSVColorPicker.swift */ = {isa = PBXFileReference; fileEncoding = 4; lastKnownFileType = sourcecode.swift; path = SwiftHSVColorPicker.swift; sourceTree = "<group>"; };
		0E7926DD21F89AED0085776A /* SelectedColorView.swift */ = {isa = PBXFileReference; fileEncoding = 4; lastKnownFileType = sourcecode.swift; path = SelectedColorView.swift; sourceTree = "<group>"; };
		0E7926DE21F89AED0085776A /* BrightnessView.swift */ = {isa = PBXFileReference; fileEncoding = 4; lastKnownFileType = sourcecode.swift; path = BrightnessView.swift; sourceTree = "<group>"; };
		0E7926E421F89AF70085776A /* MTCircularSlider.swift */ = {isa = PBXFileReference; fileEncoding = 4; lastKnownFileType = sourcecode.swift; path = MTCircularSlider.swift; sourceTree = "<group>"; };
		0E7926E621F9BF580085776A /* FootswitchBricksCollectionViewCell.swift */ = {isa = PBXFileReference; lastKnownFileType = sourcecode.swift; path = FootswitchBricksCollectionViewCell.swift; sourceTree = "<group>"; };
		0E7926E821F9D30B0085776A /* BricksCollectionController.swift */ = {isa = PBXFileReference; lastKnownFileType = sourcecode.swift; name = BricksCollectionController.swift; path = ViewControllers/BricksCollectionController.swift; sourceTree = "<group>"; };
		0E7926EE21FAE31E0085776A /* Devices.storyboard */ = {isa = PBXFileReference; lastKnownFileType = file.storyboard; path = Devices.storyboard; sourceTree = "<group>"; };
		0E7926F021FAF4AD0085776A /* Presets.storyboard */ = {isa = PBXFileReference; lastKnownFileType = file.storyboard; path = Presets.storyboard; sourceTree = "<group>"; };
		0E7926F221FAF5CF0085776A /* PresetSettings.storyboard */ = {isa = PBXFileReference; lastKnownFileType = file.storyboard; path = PresetSettings.storyboard; sourceTree = "<group>"; };
		0E7926F421FAF6220085776A /* FootswitchEdit.storyboard */ = {isa = PBXFileReference; lastKnownFileType = file.storyboard; path = FootswitchEdit.storyboard; sourceTree = "<group>"; };
		0E7926F621FAF6A40085776A /* BrickSettings.storyboard */ = {isa = PBXFileReference; lastKnownFileType = file.storyboard; path = BrickSettings.storyboard; sourceTree = "<group>"; };
		0E7926F821FAFDE80085776A /* AddBrickPresetCell.xib */ = {isa = PBXFileReference; lastKnownFileType = file.xib; path = AddBrickPresetCell.xib; sourceTree = "<group>"; };
		0E7926FA21FAFEDC0085776A /* AddBrickPresetCell.swift */ = {isa = PBXFileReference; lastKnownFileType = sourcecode.swift; name = AddBrickPresetCell.swift; path = BricksMaster/Cells/AddBrickPresetCell.swift; sourceTree = SOURCE_ROOT; };
		0EC28DE621EC6BAA00DEF32B /* BricksMaster.app */ = {isa = PBXFileReference; explicitFileType = wrapper.application; includeInIndex = 0; path = BricksMaster.app; sourceTree = BUILT_PRODUCTS_DIR; };
		0EC28DE921EC6BAA00DEF32B /* AppDelegate.swift */ = {isa = PBXFileReference; lastKnownFileType = sourcecode.swift; path = AppDelegate.swift; sourceTree = "<group>"; };
		0EC28DEE21EC6BAA00DEF32B /* Base */ = {isa = PBXFileReference; lastKnownFileType = file.storyboard; name = Base; path = Base.lproj/Main.storyboard; sourceTree = "<group>"; };
		0EC28DF021EC6BAD00DEF32B /* Assets.xcassets */ = {isa = PBXFileReference; lastKnownFileType = folder.assetcatalog; path = Assets.xcassets; sourceTree = "<group>"; };
		0EC28DF321EC6BAD00DEF32B /* Base */ = {isa = PBXFileReference; lastKnownFileType = file.storyboard; name = Base; path = Base.lproj/LaunchScreen.storyboard; sourceTree = "<group>"; };
		0EC28DF521EC6BAD00DEF32B /* Info.plist */ = {isa = PBXFileReference; lastKnownFileType = text.plist.xml; path = Info.plist; sourceTree = "<group>"; };
		0EC28DFB21EC71F300DEF32B /* Bank.swift */ = {isa = PBXFileReference; fileEncoding = 4; lastKnownFileType = sourcecode.swift; path = Bank.swift; sourceTree = "<group>"; };
		0EC28DFC21EC71F300DEF32B /* CustomButton.swift */ = {isa = PBXFileReference; fileEncoding = 4; lastKnownFileType = sourcecode.swift; path = CustomButton.swift; sourceTree = "<group>"; };
		0EC28DFD21EC71F300DEF32B /* Brick.swift */ = {isa = PBXFileReference; fileEncoding = 4; lastKnownFileType = sourcecode.swift; path = Brick.swift; sourceTree = "<group>"; };
		0EC28DFE21EC71F300DEF32B /* Footswitch.swift */ = {isa = PBXFileReference; fileEncoding = 4; lastKnownFileType = sourcecode.swift; path = Footswitch.swift; sourceTree = "<group>"; };
		0EC28DFF21EC71F300DEF32B /* FootswitchButton.swift */ = {isa = PBXFileReference; fileEncoding = 4; lastKnownFileType = sourcecode.swift; path = FootswitchButton.swift; sourceTree = "<group>"; };
		0EC28E0021EC71F300DEF32B /* Preset.swift */ = {isa = PBXFileReference; fileEncoding = 4; lastKnownFileType = sourcecode.swift; path = Preset.swift; sourceTree = "<group>"; };
		0EC28E0921EC736100DEF32B /* SF-Pro-Text-Semibold.otf */ = {isa = PBXFileReference; lastKnownFileType = file; path = "SF-Pro-Text-Semibold.otf"; sourceTree = "<group>"; };
		0EC28E0A21EC736200DEF32B /* SF-Pro-Text-Medium.otf */ = {isa = PBXFileReference; lastKnownFileType = file; path = "SF-Pro-Text-Medium.otf"; sourceTree = "<group>"; };
		0EC28E0B21EC736200DEF32B /* SF-Pro-Display-Medium.otf */ = {isa = PBXFileReference; lastKnownFileType = file; path = "SF-Pro-Display-Medium.otf"; sourceTree = "<group>"; };
		0EC28E0C21EC736200DEF32B /* SF-Pro-Display-Regular.otf */ = {isa = PBXFileReference; lastKnownFileType = file; path = "SF-Pro-Display-Regular.otf"; sourceTree = "<group>"; };
		0EC28E0D21EC736200DEF32B /* SF-Pro-Text-Regular.otf */ = {isa = PBXFileReference; lastKnownFileType = file; path = "SF-Pro-Text-Regular.otf"; sourceTree = "<group>"; };
		0EC28E1321EC74B000DEF32B /* SF-Pro-Display-Bold.otf */ = {isa = PBXFileReference; lastKnownFileType = file; path = "SF-Pro-Display-Bold.otf"; sourceTree = "<group>"; };
		0EFA071122006BE80033C879 /* PresetsListViewController.swift */ = {isa = PBXFileReference; lastKnownFileType = sourcecode.swift; path = PresetsListViewController.swift; sourceTree = "<group>"; };
		0EFA071322015C000033C879 /* BanksListViewController.swift */ = {isa = PBXFileReference; lastKnownFileType = sourcecode.swift; path = BanksListViewController.swift; sourceTree = "<group>"; };
		70715EAE21F8529800C21C3E /* DataBase.swift */ = {isa = PBXFileReference; lastKnownFileType = sourcecode.swift; path = DataBase.swift; sourceTree = "<group>"; };
		70715EB021F8788800C21C3E /* DataBaseManager.swift */ = {isa = PBXFileReference; lastKnownFileType = sourcecode.swift; path = DataBaseManager.swift; sourceTree = "<group>"; };
		70715EB821F9A10500C21C3E /* FootswitchEditBankCell.swift */ = {isa = PBXFileReference; lastKnownFileType = sourcecode.swift; path = FootswitchEditBankCell.swift; sourceTree = "<group>"; };
		70715EBC21F9A4FB00C21C3E /* BanksController.swift */ = {isa = PBXFileReference; lastKnownFileType = sourcecode.swift; path = BanksController.swift; sourceTree = "<group>"; };
		7085533121F3332A007C33C0 /* Observable.swift */ = {isa = PBXFileReference; lastKnownFileType = sourcecode.swift; path = Observable.swift; sourceTree = "<group>"; };
		70A04FBC21F4BB1B009C714D /* DebugViewController.swift */ = {isa = PBXFileReference; lastKnownFileType = sourcecode.swift; path = DebugViewController.swift; sourceTree = "<group>"; };
		70E7D4AF21F2601200EC88DE /* BankCell.swift */ = {isa = PBXFileReference; lastKnownFileType = sourcecode.swift; path = BankCell.swift; sourceTree = "<group>"; };
		70E7D4B321F30E1200EC88DE /* ConnectionObserver.swift */ = {isa = PBXFileReference; lastKnownFileType = sourcecode.swift; path = ConnectionObserver.swift; sourceTree = "<group>"; };
		C6E80DCC38C7BF1C65C73C43 /* Pods_BricksMaster.framework */ = {isa = PBXFileReference; explicitFileType = wrapper.framework; includeInIndex = 0; path = Pods_BricksMaster.framework; sourceTree = BUILT_PRODUCTS_DIR; };
		CA9C9DAE61E6A7D37E4A63D3 /* Pods-BricksMaster.release.xcconfig */ = {isa = PBXFileReference; includeInIndex = 1; lastKnownFileType = text.xcconfig; name = "Pods-BricksMaster.release.xcconfig"; path = "Pods/Target Support Files/Pods-BricksMaster/Pods-BricksMaster.release.xcconfig"; sourceTree = "<group>"; };
		E35D4E973D57077A4888EB51 /* Pods-BricksMaster.debug.xcconfig */ = {isa = PBXFileReference; includeInIndex = 1; lastKnownFileType = text.xcconfig; name = "Pods-BricksMaster.debug.xcconfig"; path = "Pods/Target Support Files/Pods-BricksMaster/Pods-BricksMaster.debug.xcconfig"; sourceTree = "<group>"; };
/* End PBXFileReference section */

/* Begin PBXFrameworksBuildPhase section */
		0EC28DE321EC6BAA00DEF32B /* Frameworks */ = {
			isa = PBXFrameworksBuildPhase;
			buildActionMask = 2147483647;
			files = (
				E6D6095EA970AFFB66E7DD4A /* Pods_BricksMaster.framework in Frameworks */,
			);
			runOnlyForDeploymentPostprocessing = 0;
		};
/* End PBXFrameworksBuildPhase section */

/* Begin PBXGroup section */
		0E046AB521F31507006A817F /* ViewControllers */ = {
			isa = PBXGroup;
			children = (
				0EFA071322015C000033C879 /* BanksListViewController.swift */,
				0EFA071122006BE80033C879 /* PresetsListViewController.swift */,
				0E1D1D8D21EDA37D000BEDD7 /* DevicesTabViewController.swift */,
				0E7926BD21F85B060085776A /* BrickSettingsViewController.swift */,
				0E63303D21EF472A00EA3652 /* FootswitchEditViewController.swift */,
				0E63304321F07EEF00EA3652 /* PresetsTabViewController.swift */,
				0E63304721F084C800EA3652 /* PresetSettingViewController.swift */,
				0E63303F21F03E6700EA3652 /* PresetPickerViewController.swift */,
				70A04FBC21F4BB1B009C714D /* DebugViewController.swift */,
			);
			path = ViewControllers;
			sourceTree = "<group>";
		};
		0E046AB621F3152E006A817F /* Cells */ = {
			isa = PBXGroup;
			children = (
				0E7926FA21FAFEDC0085776A /* AddBrickPresetCell.swift */,
				0E7926F821FAFDE80085776A /* AddBrickPresetCell.xib */,
				0E7926BF21F886A30085776A /* BrickImageCollectionViewCell.swift */,
				70E7D4AF21F2601200EC88DE /* BankCell.swift */,
				0E1D1D9121EDAF64000BEDD7 /* BricksCollectionViewCell.swift */,
				0E1D1D9321EDB03E000BEDD7 /* FootswitchesCollectionViewCell.swift */,
				0E7926E621F9BF580085776A /* FootswitchBricksCollectionViewCell.swift */,
				0E63304121F045D800EA3652 /* PresetPickerCollectionViewCell.swift */,
				0E63304521F07FA600EA3652 /* PresetsTabCollectionViewCell.swift */,
				0E63304B21F09F0900EA3652 /* FootswitchPickerCollectionViewCell.swift */,
				0E63304D21F09FEA00EA3652 /* BricksPickerCollectionViewCell.swift */,
				0E63304921F093B700EA3652 /* PresetSettingBricksCollectionViewCell.swift */,
				0E7926B521F72BC30085776A /* SectionHeaderView.swift */,
				0E7926B921F81F3E0085776A /* NewBankPresetCell.xib */,
				0E7926BB21F8207A0085776A /* NewBankCollectionViewCell.swift */,
				70715EB821F9A10500C21C3E /* FootswitchEditBankCell.swift */,
			);
			path = Cells;
			sourceTree = "<group>";
		};
		0E7926CF21F89A8D0085776A /* ColorPicker */ = {
			isa = PBXGroup;
			children = (
				0E7926D021F89A980085776A /* SSAlphaPass */,
				0E7926E421F89AF70085776A /* MTCircularSlider.swift */,
				0E7926DE21F89AED0085776A /* BrightnessView.swift */,
				0E7926DA21F89AED0085776A /* ColorUtils.swift */,
				0E7926DB21F89AED0085776A /* ColorWheel.swift */,
				0E7926DD21F89AED0085776A /* SelectedColorView.swift */,
				0E7926DC21F89AED0085776A /* SwiftHSVColorPicker.swift */,
			);
			path = ColorPicker;
			sourceTree = "<group>";
		};
		0E7926D021F89A980085776A /* SSAlphaPass */ = {
			isa = PBXGroup;
			children = (
				0E7926D221F89ADA0085776A /* SSAlphaPass.h */,
				0E7926D621F89ADA0085776A /* SSAlphaPass.m */,
				0E7926D121F89ADA0085776A /* SSAlphaPassButton.h */,
				0E7926D521F89ADA0085776A /* SSAlphaPassButton.m */,
				0E7926D321F89ADA0085776A /* SSAlphaPassView.h */,
				0E7926D421F89ADA0085776A /* SSAlphaPassView.m */,
			);
			path = SSAlphaPass;
			sourceTree = "<group>";
		};
		0E7926ED21FAE3030085776A /* Storyboards */ = {
			isa = PBXGroup;
			children = (
				0EC28DED21EC6BAA00DEF32B /* Main.storyboard */,
				0E7926EE21FAE31E0085776A /* Devices.storyboard */,
				0E7926F021FAF4AD0085776A /* Presets.storyboard */,
				0E7926F221FAF5CF0085776A /* PresetSettings.storyboard */,
				0E7926F421FAF6220085776A /* FootswitchEdit.storyboard */,
				0E7926F621FAF6A40085776A /* BrickSettings.storyboard */,
			);
			path = Storyboards;
			sourceTree = "<group>";
		};
		0EC28DDD21EC6BAA00DEF32B = {
			isa = PBXGroup;
			children = (
				0EC28DE821EC6BAA00DEF32B /* BricksMaster */,
				0EC28DE721EC6BAA00DEF32B /* Products */,
				F4F49A9EA28C0BC17CA462A2 /* Pods */,
				B68DCA3FC38DA67FD4B90ACD /* Frameworks */,
			);
			sourceTree = "<group>";
		};
		0EC28DE721EC6BAA00DEF32B /* Products */ = {
			isa = PBXGroup;
			children = (
				0EC28DE621EC6BAA00DEF32B /* BricksMaster.app */,
			);
			name = Products;
			sourceTree = "<group>";
		};
		0EC28DE821EC6BAA00DEF32B /* BricksMaster */ = {
			isa = PBXGroup;
			children = (
				0E7926ED21FAE3030085776A /* Storyboards */,
				0E7926CF21F89A8D0085776A /* ColorPicker */,
				0EC28E0721EC720100DEF32B /* Model */,
				0E046AB521F31507006A817F /* ViewControllers */,
				0E046AB621F3152E006A817F /* Cells */,
				0E1D1D8B21EDA1DD000BEDD7 /* CentralBluetoothManager.swift */,
				70715EBC21F9A4FB00C21C3E /* BanksController.swift */,
				70715EB021F8788800C21C3E /* DataBaseManager.swift */,
				0E1D1D8F21EDA460000BEDD7 /* UserDevicesManager.swift */,
				0E7926E821F9D30B0085776A /* BricksCollectionController.swift */,
				0EC28DE921EC6BAA00DEF32B /* AppDelegate.swift */,
				0E7926C821F895FB0085776A /* BrickMaster-Bridging-Header.h */,
				0EC28E0821EC733B00DEF32B /* Fonts */,
				0EC28DF021EC6BAD00DEF32B /* Assets.xcassets */,
				0EC28DF221EC6BAD00DEF32B /* LaunchScreen.storyboard */,
				0EC28DF521EC6BAD00DEF32B /* Info.plist */,
			);
			path = BricksMaster;
			sourceTree = "<group>";
		};
		0EC28E0721EC720100DEF32B /* Model */ = {
			isa = PBXGroup;
			children = (
				0EC28DFB21EC71F300DEF32B /* Bank.swift */,
				0EC28DFD21EC71F300DEF32B /* Brick.swift */,
				0EC28DFC21EC71F300DEF32B /* CustomButton.swift */,
				0EC28DFE21EC71F300DEF32B /* Footswitch.swift */,
				0EC28DFF21EC71F300DEF32B /* FootswitchButton.swift */,
				0EC28E0021EC71F300DEF32B /* Preset.swift */,
				70E7D4B321F30E1200EC88DE /* ConnectionObserver.swift */,
				7085533121F3332A007C33C0 /* Observable.swift */,
				70715EAE21F8529800C21C3E /* DataBase.swift */,
			);
			path = Model;
			sourceTree = "<group>";
		};
		0EC28E0821EC733B00DEF32B /* Fonts */ = {
			isa = PBXGroup;
			children = (
				0EC28E1321EC74B000DEF32B /* SF-Pro-Display-Bold.otf */,
				0EC28E0B21EC736200DEF32B /* SF-Pro-Display-Medium.otf */,
				0EC28E0C21EC736200DEF32B /* SF-Pro-Display-Regular.otf */,
				0EC28E0A21EC736200DEF32B /* SF-Pro-Text-Medium.otf */,
				0EC28E0D21EC736200DEF32B /* SF-Pro-Text-Regular.otf */,
				0EC28E0921EC736100DEF32B /* SF-Pro-Text-Semibold.otf */,
			);
			path = Fonts;
			sourceTree = "<group>";
		};
		B68DCA3FC38DA67FD4B90ACD /* Frameworks */ = {
			isa = PBXGroup;
			children = (
				C6E80DCC38C7BF1C65C73C43 /* Pods_BricksMaster.framework */,
			);
			name = Frameworks;
			sourceTree = "<group>";
		};
		F4F49A9EA28C0BC17CA462A2 /* Pods */ = {
			isa = PBXGroup;
			children = (
				E35D4E973D57077A4888EB51 /* Pods-BricksMaster.debug.xcconfig */,
				CA9C9DAE61E6A7D37E4A63D3 /* Pods-BricksMaster.release.xcconfig */,
			);
			name = Pods;
			sourceTree = "<group>";
		};
/* End PBXGroup section */

/* Begin PBXNativeTarget section */
		0EC28DE521EC6BAA00DEF32B /* BricksMaster */ = {
			isa = PBXNativeTarget;
			buildConfigurationList = 0EC28DF821EC6BAD00DEF32B /* Build configuration list for PBXNativeTarget "BricksMaster" */;
			buildPhases = (
				9421210A85F8E961C454E749 /* [CP] Check Pods Manifest.lock */,
				0EC28DE221EC6BAA00DEF32B /* Sources */,
				0EC28DE321EC6BAA00DEF32B /* Frameworks */,
				0EC28DE421EC6BAA00DEF32B /* Resources */,
				E47951B6C1B7B12925FEB333 /* [CP] Embed Pods Frameworks */,
			);
			buildRules = (
			);
			dependencies = (
			);
			name = BricksMaster;
			productName = BricksMaster;
			productReference = 0EC28DE621EC6BAA00DEF32B /* BricksMaster.app */;
			productType = "com.apple.product-type.application";
		};
/* End PBXNativeTarget section */

/* Begin PBXProject section */
		0EC28DDE21EC6BAA00DEF32B /* Project object */ = {
			isa = PBXProject;
			attributes = {
				LastSwiftUpdateCheck = 1000;
				LastUpgradeCheck = 1000;
				ORGANIZATIONNAME = BlackBricks;
				TargetAttributes = {
					0EC28DE521EC6BAA00DEF32B = {
						CreatedOnToolsVersion = 10.0;
					};
				};
			};
			buildConfigurationList = 0EC28DE121EC6BAA00DEF32B /* Build configuration list for PBXProject "BricksMaster" */;
			compatibilityVersion = "Xcode 9.3";
			developmentRegion = en;
			hasScannedForEncodings = 0;
			knownRegions = (
				en,
				Base,
			);
			mainGroup = 0EC28DDD21EC6BAA00DEF32B;
			productRefGroup = 0EC28DE721EC6BAA00DEF32B /* Products */;
			projectDirPath = "";
			projectRoot = "";
			targets = (
				0EC28DE521EC6BAA00DEF32B /* BricksMaster */,
			);
		};
/* End PBXProject section */

/* Begin PBXResourcesBuildPhase section */
		0EC28DE421EC6BAA00DEF32B /* Resources */ = {
			isa = PBXResourcesBuildPhase;
			buildActionMask = 2147483647;
			files = (
				0EC28E1021EC736200DEF32B /* SF-Pro-Display-Medium.otf in Resources */,
				0EC28E0E21EC736200DEF32B /* SF-Pro-Text-Semibold.otf in Resources */,
				0E7926F321FAF5CF0085776A /* PresetSettings.storyboard in Resources */,
				0EC28E1421EC74B000DEF32B /* SF-Pro-Display-Bold.otf in Resources */,
				0E7926F521FAF6220085776A /* FootswitchEdit.storyboard in Resources */,
				0EC28DF421EC6BAD00DEF32B /* LaunchScreen.storyboard in Resources */,
				0E7926F721FAF6A40085776A /* BrickSettings.storyboard in Resources */,
				0EC28DF121EC6BAD00DEF32B /* Assets.xcassets in Resources */,
				0E7926BA21F81F3E0085776A /* NewBankPresetCell.xib in Resources */,
				0EC28E0F21EC736200DEF32B /* SF-Pro-Text-Medium.otf in Resources */,
				0EC28E1121EC736200DEF32B /* SF-Pro-Display-Regular.otf in Resources */,
				0E7926EF21FAE31E0085776A /* Devices.storyboard in Resources */,
				0EC28E1221EC736200DEF32B /* SF-Pro-Text-Regular.otf in Resources */,
				0EC28DEF21EC6BAA00DEF32B /* Main.storyboard in Resources */,
				0E7926F921FAFDE80085776A /* AddBrickPresetCell.xib in Resources */,
				0E7926F121FAF4AD0085776A /* Presets.storyboard in Resources */,
			);
			runOnlyForDeploymentPostprocessing = 0;
		};
/* End PBXResourcesBuildPhase section */

/* Begin PBXShellScriptBuildPhase section */
		9421210A85F8E961C454E749 /* [CP] Check Pods Manifest.lock */ = {
			isa = PBXShellScriptBuildPhase;
			buildActionMask = 2147483647;
			files = (
			);
			inputPaths = (
				"${PODS_PODFILE_DIR_PATH}/Podfile.lock",
				"${PODS_ROOT}/Manifest.lock",
			);
			name = "[CP] Check Pods Manifest.lock";
			outputPaths = (
				"$(DERIVED_FILE_DIR)/Pods-BricksMaster-checkManifestLockResult.txt",
			);
			runOnlyForDeploymentPostprocessing = 0;
			shellPath = /bin/sh;
			shellScript = "diff \"${PODS_PODFILE_DIR_PATH}/Podfile.lock\" \"${PODS_ROOT}/Manifest.lock\" > /dev/null\nif [ $? != 0 ] ; then\n    # print error to STDERR\n    echo \"error: The sandbox is not in sync with the Podfile.lock. Run 'pod install' or update your CocoaPods installation.\" >&2\n    exit 1\nfi\n# This output is used by Xcode 'outputs' to avoid re-running this script phase.\necho \"SUCCESS\" > \"${SCRIPT_OUTPUT_FILE_0}\"\n";
			showEnvVarsInLog = 0;
		};
		E47951B6C1B7B12925FEB333 /* [CP] Embed Pods Frameworks */ = {
			isa = PBXShellScriptBuildPhase;
			buildActionMask = 2147483647;
			files = (
			);
			inputPaths = (
				"${SRCROOT}/Pods/Target Support Files/Pods-BricksMaster/Pods-BricksMaster-frameworks.sh",
				"${BUILT_PRODUCTS_DIR}/HMSegmentedControl/HMSegmentedControl.framework",
				"${BUILT_PRODUCTS_DIR}/Realm/Realm.framework",
				"${BUILT_PRODUCTS_DIR}/RealmSwift/RealmSwift.framework",
			);
			name = "[CP] Embed Pods Frameworks";
			outputPaths = (
				"${TARGET_BUILD_DIR}/${FRAMEWORKS_FOLDER_PATH}/HMSegmentedControl.framework",
				"${TARGET_BUILD_DIR}/${FRAMEWORKS_FOLDER_PATH}/Realm.framework",
				"${TARGET_BUILD_DIR}/${FRAMEWORKS_FOLDER_PATH}/RealmSwift.framework",
			);
			runOnlyForDeploymentPostprocessing = 0;
			shellPath = /bin/sh;
			shellScript = "\"${SRCROOT}/Pods/Target Support Files/Pods-BricksMaster/Pods-BricksMaster-frameworks.sh\"\n";
			showEnvVarsInLog = 0;
		};
/* End PBXShellScriptBuildPhase section */

/* Begin PBXSourcesBuildPhase section */
		0EC28DE221EC6BAA00DEF32B /* Sources */ = {
			isa = PBXSourcesBuildPhase;
			buildActionMask = 2147483647;
			files = (
				0E7926D721F89ADA0085776A /* SSAlphaPassView.m in Sources */,
				0E7926E321F89AED0085776A /* BrightnessView.swift in Sources */,
				0EC28E0321EC71F400DEF32B /* Brick.swift in Sources */,
				0EC28E0421EC71F400DEF32B /* Footswitch.swift in Sources */,
				0E63303E21EF472A00EA3652 /* FootswitchEditViewController.swift in Sources */,
				0E63304621F07FA600EA3652 /* PresetsTabCollectionViewCell.swift in Sources */,
				0E7926E021F89AED0085776A /* ColorWheel.swift in Sources */,
				70A04FBD21F4BB1B009C714D /* DebugViewController.swift in Sources */,
				0EC28E0621EC71F400DEF32B /* Preset.swift in Sources */,
				0E63304021F03E6700EA3652 /* PresetPickerViewController.swift in Sources */,
				70E7D4B421F30E1200EC88DE /* ConnectionObserver.swift in Sources */,
				0EFA071222006BE80033C879 /* PresetsListViewController.swift in Sources */,
				70715EB921F9A10500C21C3E /* FootswitchEditBankCell.swift in Sources */,
				0E63304821F084C800EA3652 /* PresetSettingViewController.swift in Sources */,
				0E7926E521F89AF70085776A /* MTCircularSlider.swift in Sources */,
				0E63304421F07EEF00EA3652 /* PresetsTabViewController.swift in Sources */,
				0E7926D921F89ADA0085776A /* SSAlphaPass.m in Sources */,
				0E1D1D9221EDAF64000BEDD7 /* BricksCollectionViewCell.swift in Sources */,
				0E63304A21F093B700EA3652 /* PresetSettingBricksCollectionViewCell.swift in Sources */,
				0EC28E0221EC71F400DEF32B /* CustomButton.swift in Sources */,
				70715EB121F8788800C21C3E /* DataBaseManager.swift in Sources */,
				0E1D1D9021EDA460000BEDD7 /* UserDevicesManager.swift in Sources */,
				0E7926BC21F8207A0085776A /* NewBankCollectionViewCell.swift in Sources */,
				0E7926E921F9D30B0085776A /* BricksCollectionController.swift in Sources */,
				0EC28E0121EC71F400DEF32B /* Bank.swift in Sources */,
				0E7926B621F72BC30085776A /* SectionHeaderView.swift in Sources */,
				0EFA071422015C000033C879 /* BanksListViewController.swift in Sources */,
				0E7926BE21F85B060085776A /* BrickSettingsViewController.swift in Sources */,
				0E7926E221F89AED0085776A /* SelectedColorView.swift in Sources */,
				0E63304221F045D800EA3652 /* PresetPickerCollectionViewCell.swift in Sources */,
				70715EAF21F8529800C21C3E /* DataBase.swift in Sources */,
				0E63304C21F09F0900EA3652 /* FootswitchPickerCollectionViewCell.swift in Sources */,
				0E7926D821F89ADA0085776A /* SSAlphaPassButton.m in Sources */,
				7085533221F3332A007C33C0 /* Observable.swift in Sources */,
				0E1D1D8C21EDA1DD000BEDD7 /* CentralBluetoothManager.swift in Sources */,
				0E1D1D9421EDB03E000BEDD7 /* FootswitchesCollectionViewCell.swift in Sources */,
				70E7D4B021F2601200EC88DE /* BankCell.swift in Sources */,
				0E7926E121F89AED0085776A /* SwiftHSVColorPicker.swift in Sources */,
				0E63304E21F09FEA00EA3652 /* BricksPickerCollectionViewCell.swift in Sources */,
				0E7926FB21FAFEDC0085776A /* AddBrickPresetCell.swift in Sources */,
				0E1D1D8E21EDA37D000BEDD7 /* DevicesTabViewController.swift in Sources */,
				0E7926E721F9BF580085776A /* FootswitchBricksCollectionViewCell.swift in Sources */,
				0E7926C021F886A30085776A /* BrickImageCollectionViewCell.swift in Sources */,
				0E7926DF21F89AED0085776A /* ColorUtils.swift in Sources */,
				0EC28E0521EC71F400DEF32B /* FootswitchButton.swift in Sources */,
				0EC28DEA21EC6BAA00DEF32B /* AppDelegate.swift in Sources */,
				70715EBD21F9A4FB00C21C3E /* BanksController.swift in Sources */,
			);
			runOnlyForDeploymentPostprocessing = 0;
		};
/* End PBXSourcesBuildPhase section */

/* Begin PBXVariantGroup section */
		0EC28DED21EC6BAA00DEF32B /* Main.storyboard */ = {
			isa = PBXVariantGroup;
			children = (
				0EC28DEE21EC6BAA00DEF32B /* Base */,
			);
			name = Main.storyboard;
			sourceTree = "<group>";
		};
		0EC28DF221EC6BAD00DEF32B /* LaunchScreen.storyboard */ = {
			isa = PBXVariantGroup;
			children = (
				0EC28DF321EC6BAD00DEF32B /* Base */,
			);
			name = LaunchScreen.storyboard;
			sourceTree = "<group>";
		};
/* End PBXVariantGroup section */

/* Begin XCBuildConfiguration section */
		0EC28DF621EC6BAD00DEF32B /* Debug */ = {
			isa = XCBuildConfiguration;
			buildSettings = {
				ALWAYS_SEARCH_USER_PATHS = NO;
				CLANG_ANALYZER_NONNULL = YES;
				CLANG_ANALYZER_NUMBER_OBJECT_CONVERSION = YES_AGGRESSIVE;
				CLANG_CXX_LANGUAGE_STANDARD = "gnu++14";
				CLANG_CXX_LIBRARY = "libc++";
				CLANG_ENABLE_MODULES = YES;
				CLANG_ENABLE_OBJC_ARC = YES;
				CLANG_ENABLE_OBJC_WEAK = YES;
				CLANG_WARN_BLOCK_CAPTURE_AUTORELEASING = YES;
				CLANG_WARN_BOOL_CONVERSION = YES;
				CLANG_WARN_COMMA = YES;
				CLANG_WARN_CONSTANT_CONVERSION = YES;
				CLANG_WARN_DEPRECATED_OBJC_IMPLEMENTATIONS = YES;
				CLANG_WARN_DIRECT_OBJC_ISA_USAGE = YES_ERROR;
				CLANG_WARN_DOCUMENTATION_COMMENTS = YES;
				CLANG_WARN_EMPTY_BODY = YES;
				CLANG_WARN_ENUM_CONVERSION = YES;
				CLANG_WARN_INFINITE_RECURSION = YES;
				CLANG_WARN_INT_CONVERSION = YES;
				CLANG_WARN_NON_LITERAL_NULL_CONVERSION = YES;
				CLANG_WARN_OBJC_IMPLICIT_RETAIN_SELF = YES;
				CLANG_WARN_OBJC_LITERAL_CONVERSION = YES;
				CLANG_WARN_OBJC_ROOT_CLASS = YES_ERROR;
				CLANG_WARN_RANGE_LOOP_ANALYSIS = YES;
				CLANG_WARN_STRICT_PROTOTYPES = YES;
				CLANG_WARN_SUSPICIOUS_MOVE = YES;
				CLANG_WARN_UNGUARDED_AVAILABILITY = YES_AGGRESSIVE;
				CLANG_WARN_UNREACHABLE_CODE = YES;
				CLANG_WARN__DUPLICATE_METHOD_MATCH = YES;
				CODE_SIGN_IDENTITY = "iPhone Developer";
				COPY_PHASE_STRIP = NO;
				DEBUG_INFORMATION_FORMAT = dwarf;
				ENABLE_STRICT_OBJC_MSGSEND = YES;
				ENABLE_TESTABILITY = YES;
				GCC_C_LANGUAGE_STANDARD = gnu11;
				GCC_DYNAMIC_NO_PIC = NO;
				GCC_NO_COMMON_BLOCKS = YES;
				GCC_OPTIMIZATION_LEVEL = 0;
				GCC_PREPROCESSOR_DEFINITIONS = (
					"DEBUG=1",
					"$(inherited)",
				);
				GCC_WARN_64_TO_32_BIT_CONVERSION = YES;
				GCC_WARN_ABOUT_RETURN_TYPE = YES_ERROR;
				GCC_WARN_UNDECLARED_SELECTOR = YES;
				GCC_WARN_UNINITIALIZED_AUTOS = YES_AGGRESSIVE;
				GCC_WARN_UNUSED_FUNCTION = YES;
				GCC_WARN_UNUSED_VARIABLE = YES;
				IPHONEOS_DEPLOYMENT_TARGET = 12.0;
				MTL_ENABLE_DEBUG_INFO = INCLUDE_SOURCE;
				MTL_FAST_MATH = YES;
				ONLY_ACTIVE_ARCH = YES;
				SDKROOT = iphoneos;
				SWIFT_ACTIVE_COMPILATION_CONDITIONS = DEBUG;
				SWIFT_OPTIMIZATION_LEVEL = "-Onone";
			};
			name = Debug;
		};
		0EC28DF721EC6BAD00DEF32B /* Release */ = {
			isa = XCBuildConfiguration;
			buildSettings = {
				ALWAYS_SEARCH_USER_PATHS = NO;
				CLANG_ANALYZER_NONNULL = YES;
				CLANG_ANALYZER_NUMBER_OBJECT_CONVERSION = YES_AGGRESSIVE;
				CLANG_CXX_LANGUAGE_STANDARD = "gnu++14";
				CLANG_CXX_LIBRARY = "libc++";
				CLANG_ENABLE_MODULES = YES;
				CLANG_ENABLE_OBJC_ARC = YES;
				CLANG_ENABLE_OBJC_WEAK = YES;
				CLANG_WARN_BLOCK_CAPTURE_AUTORELEASING = YES;
				CLANG_WARN_BOOL_CONVERSION = YES;
				CLANG_WARN_COMMA = YES;
				CLANG_WARN_CONSTANT_CONVERSION = YES;
				CLANG_WARN_DEPRECATED_OBJC_IMPLEMENTATIONS = YES;
				CLANG_WARN_DIRECT_OBJC_ISA_USAGE = YES_ERROR;
				CLANG_WARN_DOCUMENTATION_COMMENTS = YES;
				CLANG_WARN_EMPTY_BODY = YES;
				CLANG_WARN_ENUM_CONVERSION = YES;
				CLANG_WARN_INFINITE_RECURSION = YES;
				CLANG_WARN_INT_CONVERSION = YES;
				CLANG_WARN_NON_LITERAL_NULL_CONVERSION = YES;
				CLANG_WARN_OBJC_IMPLICIT_RETAIN_SELF = YES;
				CLANG_WARN_OBJC_LITERAL_CONVERSION = YES;
				CLANG_WARN_OBJC_ROOT_CLASS = YES_ERROR;
				CLANG_WARN_RANGE_LOOP_ANALYSIS = YES;
				CLANG_WARN_STRICT_PROTOTYPES = YES;
				CLANG_WARN_SUSPICIOUS_MOVE = YES;
				CLANG_WARN_UNGUARDED_AVAILABILITY = YES_AGGRESSIVE;
				CLANG_WARN_UNREACHABLE_CODE = YES;
				CLANG_WARN__DUPLICATE_METHOD_MATCH = YES;
				CODE_SIGN_IDENTITY = "iPhone Developer";
				COPY_PHASE_STRIP = NO;
				DEBUG_INFORMATION_FORMAT = "dwarf-with-dsym";
				ENABLE_NS_ASSERTIONS = NO;
				ENABLE_STRICT_OBJC_MSGSEND = YES;
				GCC_C_LANGUAGE_STANDARD = gnu11;
				GCC_NO_COMMON_BLOCKS = YES;
				GCC_WARN_64_TO_32_BIT_CONVERSION = YES;
				GCC_WARN_ABOUT_RETURN_TYPE = YES_ERROR;
				GCC_WARN_UNDECLARED_SELECTOR = YES;
				GCC_WARN_UNINITIALIZED_AUTOS = YES_AGGRESSIVE;
				GCC_WARN_UNUSED_FUNCTION = YES;
				GCC_WARN_UNUSED_VARIABLE = YES;
				IPHONEOS_DEPLOYMENT_TARGET = 12.0;
				MTL_ENABLE_DEBUG_INFO = NO;
				MTL_FAST_MATH = YES;
				SDKROOT = iphoneos;
				SWIFT_COMPILATION_MODE = wholemodule;
				SWIFT_OPTIMIZATION_LEVEL = "-O";
				VALIDATE_PRODUCT = YES;
			};
			name = Release;
		};
		0EC28DF921EC6BAD00DEF32B /* Debug */ = {
			isa = XCBuildConfiguration;
			baseConfigurationReference = E35D4E973D57077A4888EB51 /* Pods-BricksMaster.debug.xcconfig */;
			buildSettings = {
				ASSETCATALOG_COMPILER_APPICON_NAME = AppIcon;
				CODE_SIGN_STYLE = Automatic;
				DEVELOPMENT_TEAM = L59JFSX5QN;
				INFOPLIST_FILE = BricksMaster/Info.plist;
				IPHONEOS_DEPLOYMENT_TARGET = 10.2;
				LD_RUNPATH_SEARCH_PATHS = (
					"$(inherited)",
					"@executable_path/Frameworks",
				);
				PRODUCT_BUNDLE_IDENTIFIER = BlackBricks.BricksMaster;
				PRODUCT_NAME = "$(TARGET_NAME)";
				SWIFT_OBJC_BRIDGING_HEADER = "$(SRCROOT)/BricksMaster/BrickMaster-Bridging-Header.h";
				SWIFT_VERSION = 4.2;
				TARGETED_DEVICE_FAMILY = "1,2";
				USER_HEADER_SEARCH_PATHS = "$(SRCROOT)/BricksMaster/SSAlphaPass";
			};
			name = Debug;
		};
		0EC28DFA21EC6BAD00DEF32B /* Release */ = {
			isa = XCBuildConfiguration;
			baseConfigurationReference = CA9C9DAE61E6A7D37E4A63D3 /* Pods-BricksMaster.release.xcconfig */;
			buildSettings = {
				ASSETCATALOG_COMPILER_APPICON_NAME = AppIcon;
				CODE_SIGN_STYLE = Automatic;
				DEVELOPMENT_TEAM = L59JFSX5QN;
				INFOPLIST_FILE = BricksMaster/Info.plist;
				IPHONEOS_DEPLOYMENT_TARGET = 10.2;
				LD_RUNPATH_SEARCH_PATHS = (
					"$(inherited)",
					"@executable_path/Frameworks",
				);
				PRODUCT_BUNDLE_IDENTIFIER = BlackBricks.BricksMaster;
				PRODUCT_NAME = "$(TARGET_NAME)";
				SWIFT_OBJC_BRIDGING_HEADER = "$(SRCROOT)/BricksMaster/BrickMaster-Bridging-Header.h";
				SWIFT_VERSION = 4.2;
				TARGETED_DEVICE_FAMILY = "1,2";
				USER_HEADER_SEARCH_PATHS = "$(SRCROOT)/BricksMaster/SSAlphaPass";
			};
			name = Release;
		};
/* End XCBuildConfiguration section */

/* Begin XCConfigurationList section */
		0EC28DE121EC6BAA00DEF32B /* Build configuration list for PBXProject "BricksMaster" */ = {
			isa = XCConfigurationList;
			buildConfigurations = (
				0EC28DF621EC6BAD00DEF32B /* Debug */,
				0EC28DF721EC6BAD00DEF32B /* Release */,
			);
			defaultConfigurationIsVisible = 0;
			defaultConfigurationName = Release;
		};
		0EC28DF821EC6BAD00DEF32B /* Build configuration list for PBXNativeTarget "BricksMaster" */ = {
			isa = XCConfigurationList;
			buildConfigurations = (
				0EC28DF921EC6BAD00DEF32B /* Debug */,
				0EC28DFA21EC6BAD00DEF32B /* Release */,
			);
			defaultConfigurationIsVisible = 0;
			defaultConfigurationName = Release;
		};
/* End XCConfigurationList section */
	};
	rootObject = 0EC28DDE21EC6BAA00DEF32B /* Project object */;
}
